// !$*UTF8*$!
{
	archiveVersion = 1;
	classes = {
	};
	objectVersion = 56;
	objects = {

/* Begin PBXBuildFile section */
		2801C5F52B098A1F00EA886C /* AppDIContainer.swift in Sources */ = {isa = PBXBuildFile; fileRef = 2801C5F42B098A1F00EA886C /* AppDIContainer.swift */; };
		2801C5F82B098B8700EA886C /* ConnectionError.swift in Sources */ = {isa = PBXBuildFile; fileRef = 2801C5F72B098B8700EA886C /* ConnectionError.swift */; };
		2801C5FA2B098DDA00EA886C /* DefaultJourneyRepository.swift in Sources */ = {isa = PBXBuildFile; fileRef = 2801C5F92B098DDA00EA886C /* DefaultJourneyRepository.swift */; };
		2801C5FD2B098E8800EA886C /* JourneyRequestDTO.swift in Sources */ = {isa = PBXBuildFile; fileRef = 2801C5FC2B098E8800EA886C /* JourneyRequestDTO.swift */; };
		2801C5FF2B098EA000EA886C /* JourneyResponseDTO.swift in Sources */ = {isa = PBXBuildFile; fileRef = 2801C5FE2B098EA000EA886C /* JourneyResponseDTO.swift */; };
		2801C6012B098F0E00EA886C /* JourneyRepository.swift in Sources */ = {isa = PBXBuildFile; fileRef = 2801C6002B098F0E00EA886C /* JourneyRepository.swift */; };
		2801C6052B098F8600EA886C /* NetworkConfig.swift in Sources */ = {isa = PBXBuildFile; fileRef = 2801C6042B098F8600EA886C /* NetworkConfig.swift */; };
		2801C6072B098FDE00EA886C /* TestMocks.swift in Sources */ = {isa = PBXBuildFile; fileRef = 2801C6062B098FDE00EA886C /* TestMocks.swift */; };
		2801C60E2B0990A700EA886C /* MainViewModel.swift in Sources */ = {isa = PBXBuildFile; fileRef = 2801C60D2B0990A700EA886C /* MainViewModel.swift */; };
		2801C6102B09922700EA886C /* TestStubs.swift in Sources */ = {isa = PBXBuildFile; fileRef = 2801C60F2B09922700EA886C /* TestStubs.swift */; };
		28486DCA2B2D745F004BADB0 /* JourneySceneFlowCoordinator.swift in Sources */ = {isa = PBXBuildFile; fileRef = 28486DC92B2D745F004BADB0 /* JourneySceneFlowCoordinator.swift */; };
		286B55C52ACEF59A008EC81C /* JourneyModel.swift in Sources */ = {isa = PBXBuildFile; fileRef = 286B55C42ACEF59A008EC81C /* JourneyModel.swift */; };
		286B55C72ACEF5AA008EC81C /* CreateJourneyViewModel.swift in Sources */ = {isa = PBXBuildFile; fileRef = 286B55C62ACEF5AA008EC81C /* CreateJourneyViewModel.swift */; };
		28A638A52B41A5CD0006C620 /* AppConfigurations.swift in Sources */ = {isa = PBXBuildFile; fileRef = 28A638A42B41A5CD0006C620 /* AppConfigurations.swift */; };
		28A638A72B41A9E10006C620 /* DataTransferService.swift in Sources */ = {isa = PBXBuildFile; fileRef = 28A638A62B41A9E10006C620 /* DataTransferService.swift */; };
		28A638A92B41AB030006C620 /* NetworkService.swift in Sources */ = {isa = PBXBuildFile; fileRef = 28A638A82B41AB030006C620 /* NetworkService.swift */; };
		28A638AB2B41AD930006C620 /* Endpoint.swift in Sources */ = {isa = PBXBuildFile; fileRef = 28A638AA2B41AD930006C620 /* Endpoint.swift */; };
		28D205142ADBC6FE00FCB971 /* CreateJourneyViewController.storyboard in Resources */ = {isa = PBXBuildFile; fileRef = 28D205132ADBC6FE00FCB971 /* CreateJourneyViewController.storyboard */; };
		28D205162ADBC78800FCB971 /* CreateJourneyViewController.swift in Sources */ = {isa = PBXBuildFile; fileRef = 28D205152ADBC78800FCB971 /* CreateJourneyViewController.swift */; };
		28D90CB62B16224100D2851B /* JourneySceneDIContainer.swift in Sources */ = {isa = PBXBuildFile; fileRef = 28D90CB52B16224100D2851B /* JourneySceneDIContainer.swift */; };
		28D90CB82B1625C800D2851B /* AppFlowCoordinator.swift in Sources */ = {isa = PBXBuildFile; fileRef = 28D90CB72B1625C800D2851B /* AppFlowCoordinator.swift */; };
		28E83DB92B1334E800D6D175 /* StoryboardInstantiable.swift in Sources */ = {isa = PBXBuildFile; fileRef = 28E83DB82B1334E800D6D175 /* StoryboardInstantiable.swift */; };
		28FB01FA2B3EFB7E0059349C /* CreateJourneyUseCase.swift in Sources */ = {isa = PBXBuildFile; fileRef = 28FB01F92B3EFB7E0059349C /* CreateJourneyUseCase.swift */; };
		28FB01FD2B3EFC520059349C /* Cancellable.swift in Sources */ = {isa = PBXBuildFile; fileRef = 28FB01FC2B3EFC520059349C /* Cancellable.swift */; };
		28FB01FF2B3EFD3D0059349C /* JourneyQuery.swift in Sources */ = {isa = PBXBuildFile; fileRef = 28FB01FE2B3EFD3D0059349C /* JourneyQuery.swift */; };
		28FB02022B3EFD8F0059349C /* UseCase.swift in Sources */ = {isa = PBXBuildFile; fileRef = 28FB02012B3EFD8F0059349C /* UseCase.swift */; };
		28FEB9E52AB698B5000F38B8 /* AppDelegate.swift in Sources */ = {isa = PBXBuildFile; fileRef = 28FEB9E42AB698B5000F38B8 /* AppDelegate.swift */; };
		28FEB9E72AB698B5000F38B8 /* SceneDelegate.swift in Sources */ = {isa = PBXBuildFile; fileRef = 28FEB9E62AB698B5000F38B8 /* SceneDelegate.swift */; };
		28FEB9E92AB698B5000F38B8 /* MainViewController.swift in Sources */ = {isa = PBXBuildFile; fileRef = 28FEB9E82AB698B5000F38B8 /* MainViewController.swift */; };
		28FEB9EC2AB698B5000F38B8 /* MainViewController.storyboard in Resources */ = {isa = PBXBuildFile; fileRef = 28FEB9EA2AB698B5000F38B8 /* MainViewController.storyboard */; };
		28FEB9EF2AB698B5000F38B8 /* TravelBlahBlah.xcdatamodeld in Sources */ = {isa = PBXBuildFile; fileRef = 28FEB9ED2AB698B5000F38B8 /* TravelBlahBlah.xcdatamodeld */; };
		28FEB9F12AB698B6000F38B8 /* Assets.xcassets in Resources */ = {isa = PBXBuildFile; fileRef = 28FEB9F02AB698B6000F38B8 /* Assets.xcassets */; };
		28FEB9F42AB698B6000F38B8 /* LaunchScreen.storyboard in Resources */ = {isa = PBXBuildFile; fileRef = 28FEB9F22AB698B6000F38B8 /* LaunchScreen.storyboard */; };
		28FEB9FF2AB698B6000F38B8 /* TravelBlahBlahTests.swift in Sources */ = {isa = PBXBuildFile; fileRef = 28FEB9FE2AB698B6000F38B8 /* TravelBlahBlahTests.swift */; };
		28FEBA092AB698B6000F38B8 /* TravelBlahBlahUITests.swift in Sources */ = {isa = PBXBuildFile; fileRef = 28FEBA082AB698B6000F38B8 /* TravelBlahBlahUITests.swift */; };
		28FEBA0B2AB698B6000F38B8 /* TravelBlahBlahUITestsLaunchTests.swift in Sources */ = {isa = PBXBuildFile; fileRef = 28FEBA0A2AB698B6000F38B8 /* TravelBlahBlahUITestsLaunchTests.swift */; };
/* End PBXBuildFile section */

/* Begin PBXContainerItemProxy section */
		28FEB9FB2AB698B6000F38B8 /* PBXContainerItemProxy */ = {
			isa = PBXContainerItemProxy;
			containerPortal = 28FEB9D92AB698B5000F38B8 /* Project object */;
			proxyType = 1;
			remoteGlobalIDString = 28FEB9E02AB698B5000F38B8;
			remoteInfo = TravelBlahBlah;
		};
		28FEBA052AB698B6000F38B8 /* PBXContainerItemProxy */ = {
			isa = PBXContainerItemProxy;
			containerPortal = 28FEB9D92AB698B5000F38B8 /* Project object */;
			proxyType = 1;
			remoteGlobalIDString = 28FEB9E02AB698B5000F38B8;
			remoteInfo = TravelBlahBlah;
		};
/* End PBXContainerItemProxy section */

/* Begin PBXFileReference section */
		2801C5F42B098A1F00EA886C /* AppDIContainer.swift */ = {isa = PBXFileReference; lastKnownFileType = sourcecode.swift; path = AppDIContainer.swift; sourceTree = "<group>"; };
		2801C5F72B098B8700EA886C /* ConnectionError.swift */ = {isa = PBXFileReference; lastKnownFileType = sourcecode.swift; path = ConnectionError.swift; sourceTree = "<group>"; };
		2801C5F92B098DDA00EA886C /* DefaultJourneyRepository.swift */ = {isa = PBXFileReference; lastKnownFileType = sourcecode.swift; path = DefaultJourneyRepository.swift; sourceTree = "<group>"; };
		2801C5FC2B098E8800EA886C /* JourneyRequestDTO.swift */ = {isa = PBXFileReference; lastKnownFileType = sourcecode.swift; path = JourneyRequestDTO.swift; sourceTree = "<group>"; };
		2801C5FE2B098EA000EA886C /* JourneyResponseDTO.swift */ = {isa = PBXFileReference; lastKnownFileType = sourcecode.swift; path = JourneyResponseDTO.swift; sourceTree = "<group>"; };
		2801C6002B098F0E00EA886C /* JourneyRepository.swift */ = {isa = PBXFileReference; lastKnownFileType = sourcecode.swift; path = JourneyRepository.swift; sourceTree = "<group>"; };
		2801C6042B098F8600EA886C /* NetworkConfig.swift */ = {isa = PBXFileReference; lastKnownFileType = sourcecode.swift; path = NetworkConfig.swift; sourceTree = "<group>"; };
		2801C6062B098FDE00EA886C /* TestMocks.swift */ = {isa = PBXFileReference; lastKnownFileType = sourcecode.swift; path = TestMocks.swift; sourceTree = "<group>"; };
		2801C60D2B0990A700EA886C /* MainViewModel.swift */ = {isa = PBXFileReference; lastKnownFileType = sourcecode.swift; path = MainViewModel.swift; sourceTree = "<group>"; };
		2801C60F2B09922700EA886C /* TestStubs.swift */ = {isa = PBXFileReference; lastKnownFileType = sourcecode.swift; path = TestStubs.swift; sourceTree = "<group>"; };
		28486DC92B2D745F004BADB0 /* JourneySceneFlowCoordinator.swift */ = {isa = PBXFileReference; lastKnownFileType = sourcecode.swift; path = JourneySceneFlowCoordinator.swift; sourceTree = "<group>"; };
		286B55C42ACEF59A008EC81C /* JourneyModel.swift */ = {isa = PBXFileReference; lastKnownFileType = sourcecode.swift; path = JourneyModel.swift; sourceTree = "<group>"; };
		286B55C62ACEF5AA008EC81C /* CreateJourneyViewModel.swift */ = {isa = PBXFileReference; lastKnownFileType = sourcecode.swift; path = CreateJourneyViewModel.swift; sourceTree = "<group>"; };
		28A638A32B41A4BB0006C620 /* Secrets.xcconfig */ = {isa = PBXFileReference; lastKnownFileType = text.xcconfig; path = Secrets.xcconfig; sourceTree = "<group>"; };
		28A638A42B41A5CD0006C620 /* AppConfigurations.swift */ = {isa = PBXFileReference; lastKnownFileType = sourcecode.swift; path = AppConfigurations.swift; sourceTree = "<group>"; };
		28A638A62B41A9E10006C620 /* DataTransferService.swift */ = {isa = PBXFileReference; lastKnownFileType = sourcecode.swift; path = DataTransferService.swift; sourceTree = "<group>"; };
		28A638A82B41AB030006C620 /* NetworkService.swift */ = {isa = PBXFileReference; lastKnownFileType = sourcecode.swift; path = NetworkService.swift; sourceTree = "<group>"; };
		28A638AA2B41AD930006C620 /* Endpoint.swift */ = {isa = PBXFileReference; lastKnownFileType = sourcecode.swift; path = Endpoint.swift; sourceTree = "<group>"; };
		28D205132ADBC6FE00FCB971 /* CreateJourneyViewController.storyboard */ = {isa = PBXFileReference; lastKnownFileType = file.storyboard; path = CreateJourneyViewController.storyboard; sourceTree = "<group>"; };
		28D205152ADBC78800FCB971 /* CreateJourneyViewController.swift */ = {isa = PBXFileReference; lastKnownFileType = sourcecode.swift; path = CreateJourneyViewController.swift; sourceTree = "<group>"; };
		28D90CB52B16224100D2851B /* JourneySceneDIContainer.swift */ = {isa = PBXFileReference; lastKnownFileType = sourcecode.swift; path = JourneySceneDIContainer.swift; sourceTree = "<group>"; };
		28D90CB72B1625C800D2851B /* AppFlowCoordinator.swift */ = {isa = PBXFileReference; lastKnownFileType = sourcecode.swift; path = AppFlowCoordinator.swift; sourceTree = "<group>"; };
		28E83DB82B1334E800D6D175 /* StoryboardInstantiable.swift */ = {isa = PBXFileReference; lastKnownFileType = sourcecode.swift; path = StoryboardInstantiable.swift; sourceTree = "<group>"; };
		28FB01F92B3EFB7E0059349C /* CreateJourneyUseCase.swift */ = {isa = PBXFileReference; fileEncoding = 4; lastKnownFileType = sourcecode.swift; path = CreateJourneyUseCase.swift; sourceTree = "<group>"; };
		28FB01FC2B3EFC520059349C /* Cancellable.swift */ = {isa = PBXFileReference; fileEncoding = 4; lastKnownFileType = sourcecode.swift; name = Cancellable.swift; path = TravelBlahBlah/Common/Cancellable.swift; sourceTree = SOURCE_ROOT; };
		28FB01FE2B3EFD3D0059349C /* JourneyQuery.swift */ = {isa = PBXFileReference; fileEncoding = 4; lastKnownFileType = sourcecode.swift; path = JourneyQuery.swift; sourceTree = "<group>"; };
		28FB02012B3EFD8F0059349C /* UseCase.swift */ = {isa = PBXFileReference; fileEncoding = 4; lastKnownFileType = sourcecode.swift; path = UseCase.swift; sourceTree = "<group>"; };
		28FEB9E12AB698B5000F38B8 /* TravelBlahBlah.app */ = {isa = PBXFileReference; explicitFileType = wrapper.application; includeInIndex = 0; path = TravelBlahBlah.app; sourceTree = BUILT_PRODUCTS_DIR; };
		28FEB9E42AB698B5000F38B8 /* AppDelegate.swift */ = {isa = PBXFileReference; lastKnownFileType = sourcecode.swift; path = AppDelegate.swift; sourceTree = "<group>"; };
		28FEB9E62AB698B5000F38B8 /* SceneDelegate.swift */ = {isa = PBXFileReference; lastKnownFileType = sourcecode.swift; path = SceneDelegate.swift; sourceTree = "<group>"; };
		28FEB9E82AB698B5000F38B8 /* MainViewController.swift */ = {isa = PBXFileReference; lastKnownFileType = sourcecode.swift; path = MainViewController.swift; sourceTree = "<group>"; };
		28FEB9EB2AB698B5000F38B8 /* Base */ = {isa = PBXFileReference; lastKnownFileType = file.storyboard; name = Base; path = Base.lproj/MainViewController.storyboard; sourceTree = "<group>"; };
		28FEB9EE2AB698B5000F38B8 /* TravelBlahBlah.xcdatamodel */ = {isa = PBXFileReference; lastKnownFileType = wrapper.xcdatamodel; path = TravelBlahBlah.xcdatamodel; sourceTree = "<group>"; };
		28FEB9F02AB698B6000F38B8 /* Assets.xcassets */ = {isa = PBXFileReference; lastKnownFileType = folder.assetcatalog; path = Assets.xcassets; sourceTree = "<group>"; };
		28FEB9F32AB698B6000F38B8 /* Base */ = {isa = PBXFileReference; lastKnownFileType = file.storyboard; name = Base; path = Base.lproj/LaunchScreen.storyboard; sourceTree = "<group>"; };
		28FEB9F52AB698B6000F38B8 /* Info.plist */ = {isa = PBXFileReference; lastKnownFileType = text.plist.xml; path = Info.plist; sourceTree = "<group>"; };
		28FEB9FA2AB698B6000F38B8 /* TravelBlahBlahTests.xctest */ = {isa = PBXFileReference; explicitFileType = wrapper.cfbundle; includeInIndex = 0; path = TravelBlahBlahTests.xctest; sourceTree = BUILT_PRODUCTS_DIR; };
		28FEB9FE2AB698B6000F38B8 /* TravelBlahBlahTests.swift */ = {isa = PBXFileReference; lastKnownFileType = sourcecode.swift; path = TravelBlahBlahTests.swift; sourceTree = "<group>"; };
		28FEBA042AB698B6000F38B8 /* TravelBlahBlahUITests.xctest */ = {isa = PBXFileReference; explicitFileType = wrapper.cfbundle; includeInIndex = 0; path = TravelBlahBlahUITests.xctest; sourceTree = BUILT_PRODUCTS_DIR; };
		28FEBA082AB698B6000F38B8 /* TravelBlahBlahUITests.swift */ = {isa = PBXFileReference; lastKnownFileType = sourcecode.swift; path = TravelBlahBlahUITests.swift; sourceTree = "<group>"; };
		28FEBA0A2AB698B6000F38B8 /* TravelBlahBlahUITestsLaunchTests.swift */ = {isa = PBXFileReference; lastKnownFileType = sourcecode.swift; path = TravelBlahBlahUITestsLaunchTests.swift; sourceTree = "<group>"; };
/* End PBXFileReference section */

/* Begin PBXFrameworksBuildPhase section */
		28FEB9DE2AB698B5000F38B8 /* Frameworks */ = {
			isa = PBXFrameworksBuildPhase;
			buildActionMask = 2147483647;
			files = (
			);
			runOnlyForDeploymentPostprocessing = 0;
		};
		28FEB9F72AB698B6000F38B8 /* Frameworks */ = {
			isa = PBXFrameworksBuildPhase;
			buildActionMask = 2147483647;
			files = (
			);
			runOnlyForDeploymentPostprocessing = 0;
		};
		28FEBA012AB698B6000F38B8 /* Frameworks */ = {
			isa = PBXFrameworksBuildPhase;
			buildActionMask = 2147483647;
			files = (
			);
			runOnlyForDeploymentPostprocessing = 0;
		};
/* End PBXFrameworksBuildPhase section */

/* Begin PBXGroup section */
		2801C5DD2B09839000EA886C /* Application */ = {
			isa = PBXGroup;
			children = (
				28FEB9E42AB698B5000F38B8 /* AppDelegate.swift */,
				28FEB9E62AB698B5000F38B8 /* SceneDelegate.swift */,
				28D90CB72B1625C800D2851B /* AppFlowCoordinator.swift */,
				28A638A42B41A5CD0006C620 /* AppConfigurations.swift */,
				2801C5E52B09844400EA886C /* DIContainer */,
			);
			path = Application;
			sourceTree = "<group>";
		};
		2801C5DE2B0983C400EA886C /* Data */ = {
			isa = PBXGroup;
			children = (
				2801C5E62B09846100EA886C /* Network */,
				2801C5E72B09846B00EA886C /* PersistentStorages */,
				2801C5E82B09847300EA886C /* Repositories */,
			);
			path = Data;
			sourceTree = "<group>";
		};
		2801C5DF2B0983D500EA886C /* Domain */ = {
			isa = PBXGroup;
			children = (
				2801C5E92B09847E00EA886C /* Entities */,
				2801C5EA2B0984E000EA886C /* Interfaces */,
				2801C5EC2B0984F600EA886C /* UseCases */,
			);
			path = Domain;
			sourceTree = "<group>";
		};
		2801C5E02B0983F900EA886C /* Infrastructure */ = {
			isa = PBXGroup;
			children = (
				2801C5ED2B09850300EA886C /* Network */,
			);
			path = Infrastructure;
			sourceTree = "<group>";
		};
		2801C5E12B09840D00EA886C /* Mocks */ = {
			isa = PBXGroup;
			children = (
				2801C6062B098FDE00EA886C /* TestMocks.swift */,
			);
			path = Mocks;
			sourceTree = "<group>";
		};
		2801C5E22B09841A00EA886C /* Presentation */ = {
			isa = PBXGroup;
			children = (
				2801C60A2B09901C00EA886C /* Main */,
				2801C5EE2B09851B00EA886C /* JourneyScene */,
				2801C5EF2B09854900EA886C /* Utils */,
			);
			path = Presentation;
			sourceTree = "<group>";
		};
		2801C5E32B09842A00EA886C /* Resources */ = {
			isa = PBXGroup;
			children = (
				2801C5F32B0987F800EA886C /* Base.lproj */,
				28FEB9F02AB698B6000F38B8 /* Assets.xcassets */,
				28FEB9F52AB698B6000F38B8 /* Info.plist */,
			);
			path = Resources;
			sourceTree = "<group>";
		};
		2801C5E42B09843500EA886C /* Stubs */ = {
			isa = PBXGroup;
			children = (
				2801C60F2B09922700EA886C /* TestStubs.swift */,
			);
			path = Stubs;
			sourceTree = "<group>";
		};
		2801C5E52B09844400EA886C /* DIContainer */ = {
			isa = PBXGroup;
			children = (
				2801C5F42B098A1F00EA886C /* AppDIContainer.swift */,
				28D90CB52B16224100D2851B /* JourneySceneDIContainer.swift */,
			);
			path = DIContainer;
			sourceTree = "<group>";
		};
		2801C5E62B09846100EA886C /* Network */ = {
			isa = PBXGroup;
			children = (
				2801C5FB2B098E5700EA886C /* DataMapping */,
			);
			path = Network;
			sourceTree = "<group>";
		};
		2801C5E72B09846B00EA886C /* PersistentStorages */ = {
			isa = PBXGroup;
			children = (
				28FEB9ED2AB698B5000F38B8 /* TravelBlahBlah.xcdatamodeld */,
			);
			path = PersistentStorages;
			sourceTree = "<group>";
		};
		2801C5E82B09847300EA886C /* Repositories */ = {
			isa = PBXGroup;
			children = (
				2801C5F92B098DDA00EA886C /* DefaultJourneyRepository.swift */,
			);
			path = Repositories;
			sourceTree = "<group>";
		};
		2801C5E92B09847E00EA886C /* Entities */ = {
			isa = PBXGroup;
			children = (
				28FB01FE2B3EFD3D0059349C /* JourneyQuery.swift */,
				286B55C42ACEF59A008EC81C /* JourneyModel.swift */,
			);
			path = Entities;
			sourceTree = "<group>";
		};
		2801C5EA2B0984E000EA886C /* Interfaces */ = {
			isa = PBXGroup;
			children = (
				2801C5EB2B0984E800EA886C /* Repositories */,
			);
			path = Interfaces;
			sourceTree = "<group>";
		};
		2801C5EB2B0984E800EA886C /* Repositories */ = {
			isa = PBXGroup;
			children = (
				2801C6002B098F0E00EA886C /* JourneyRepository.swift */,
			);
			path = Repositories;
			sourceTree = "<group>";
		};
		2801C5EC2B0984F600EA886C /* UseCases */ = {
			isa = PBXGroup;
			children = (
				28FB02002B3EFD5B0059349C /* Protocol */,
				28FB01F92B3EFB7E0059349C /* CreateJourneyUseCase.swift */,
			);
			path = UseCases;
			sourceTree = "<group>";
		};
		2801C5ED2B09850300EA886C /* Network */ = {
			isa = PBXGroup;
			children = (
				28A638A62B41A9E10006C620 /* DataTransferService.swift */,
				28A638AA2B41AD930006C620 /* Endpoint.swift */,
				2801C6042B098F8600EA886C /* NetworkConfig.swift */,
				28A638A82B41AB030006C620 /* NetworkService.swift */,
			);
			path = Network;
			sourceTree = "<group>";
		};
		2801C5EE2B09851B00EA886C /* JourneyScene */ = {
			isa = PBXGroup;
			children = (
				28486DC82B2D73D8004BADB0 /* Flows */,
				2801C5F02B0986D800EA886C /* CreateJourney */,
			);
			path = JourneyScene;
			sourceTree = "<group>";
		};
		2801C5EF2B09854900EA886C /* Utils */ = {
			isa = PBXGroup;
			children = (
				28E83DB72B1334C500D6D175 /* Protocols */,
			);
			path = Utils;
			sourceTree = "<group>";
		};
		2801C5F02B0986D800EA886C /* CreateJourney */ = {
			isa = PBXGroup;
			children = (
				2801C5F12B09877500EA886C /* View */,
				2801C5F22B09877C00EA886C /* ViewModel */,
			);
			path = CreateJourney;
			sourceTree = "<group>";
		};
		2801C5F12B09877500EA886C /* View */ = {
			isa = PBXGroup;
			children = (
				28D205132ADBC6FE00FCB971 /* CreateJourneyViewController.storyboard */,
				28D205152ADBC78800FCB971 /* CreateJourneyViewController.swift */,
			);
			path = View;
			sourceTree = "<group>";
		};
		2801C5F22B09877C00EA886C /* ViewModel */ = {
			isa = PBXGroup;
			children = (
				286B55C62ACEF5AA008EC81C /* CreateJourneyViewModel.swift */,
			);
			path = ViewModel;
			sourceTree = "<group>";
		};
		2801C5F32B0987F800EA886C /* Base.lproj */ = {
			isa = PBXGroup;
			children = (
				28FEB9F22AB698B6000F38B8 /* LaunchScreen.storyboard */,
			);
			path = Base.lproj;
			sourceTree = "<group>";
		};
		2801C5F62B098A8100EA886C /* Common */ = {
			isa = PBXGroup;
			children = (
				28FB01FC2B3EFC520059349C /* Cancellable.swift */,
				2801C5F72B098B8700EA886C /* ConnectionError.swift */,
			);
			path = Common;
			sourceTree = "<group>";
		};
		2801C5FB2B098E5700EA886C /* DataMapping */ = {
			isa = PBXGroup;
			children = (
				2801C5FC2B098E8800EA886C /* JourneyRequestDTO.swift */,
				2801C5FE2B098EA000EA886C /* JourneyResponseDTO.swift */,
			);
			path = DataMapping;
			sourceTree = "<group>";
		};
		2801C60A2B09901C00EA886C /* Main */ = {
			isa = PBXGroup;
			children = (
				2801C60B2B09902200EA886C /* View */,
				2801C60C2B09902B00EA886C /* ViewModel */,
			);
			path = Main;
			sourceTree = "<group>";
		};
		2801C60B2B09902200EA886C /* View */ = {
			isa = PBXGroup;
			children = (
				28FEB9EA2AB698B5000F38B8 /* MainViewController.storyboard */,
				28FEB9E82AB698B5000F38B8 /* MainViewController.swift */,
			);
			path = View;
			sourceTree = "<group>";
		};
		2801C60C2B09902B00EA886C /* ViewModel */ = {
			isa = PBXGroup;
			children = (
				2801C60D2B0990A700EA886C /* MainViewModel.swift */,
			);
			path = ViewModel;
			sourceTree = "<group>";
		};
		28486DC82B2D73D8004BADB0 /* Flows */ = {
			isa = PBXGroup;
			children = (
				28486DC92B2D745F004BADB0 /* JourneySceneFlowCoordinator.swift */,
			);
			path = Flows;
			sourceTree = "<group>";
		};
		28E83DB72B1334C500D6D175 /* Protocols */ = {
			isa = PBXGroup;
			children = (
				28E83DB82B1334E800D6D175 /* StoryboardInstantiable.swift */,
			);
			path = Protocols;
			sourceTree = "<group>";
		};
		28FB02002B3EFD5B0059349C /* Protocol */ = {
			isa = PBXGroup;
			children = (
				28FB02012B3EFD8F0059349C /* UseCase.swift */,
			);
			path = Protocol;
			sourceTree = "<group>";
		};
		28FEB9D82AB698B5000F38B8 = {
			isa = PBXGroup;
			children = (
				28A638A32B41A4BB0006C620 /* Secrets.xcconfig */,
				28FEB9E32AB698B5000F38B8 /* TravelBlahBlah */,
				28FEB9FD2AB698B6000F38B8 /* TravelBlahBlahTests */,
				28FEBA072AB698B6000F38B8 /* TravelBlahBlahUITests */,
				28FEB9E22AB698B5000F38B8 /* Products */,
			);
			sourceTree = "<group>";
		};
		28FEB9E22AB698B5000F38B8 /* Products */ = {
			isa = PBXGroup;
			children = (
				28FEB9E12AB698B5000F38B8 /* TravelBlahBlah.app */,
				28FEB9FA2AB698B6000F38B8 /* TravelBlahBlahTests.xctest */,
				28FEBA042AB698B6000F38B8 /* TravelBlahBlahUITests.xctest */,
			);
			name = Products;
			sourceTree = "<group>";
		};
		28FEB9E32AB698B5000F38B8 /* TravelBlahBlah */ = {
			isa = PBXGroup;
			children = (
				2801C5DD2B09839000EA886C /* Application */,
				2801C5F62B098A8100EA886C /* Common */,
				2801C5DE2B0983C400EA886C /* Data */,
				2801C5DF2B0983D500EA886C /* Domain */,
				2801C5E02B0983F900EA886C /* Infrastructure */,
				2801C5E12B09840D00EA886C /* Mocks */,
				2801C5E22B09841A00EA886C /* Presentation */,
				2801C5E32B09842A00EA886C /* Resources */,
				2801C5E42B09843500EA886C /* Stubs */,
			);
			path = TravelBlahBlah;
			sourceTree = "<group>";
		};
		28FEB9FD2AB698B6000F38B8 /* TravelBlahBlahTests */ = {
			isa = PBXGroup;
			children = (
				28FEB9FE2AB698B6000F38B8 /* TravelBlahBlahTests.swift */,
			);
			path = TravelBlahBlahTests;
			sourceTree = "<group>";
		};
		28FEBA072AB698B6000F38B8 /* TravelBlahBlahUITests */ = {
			isa = PBXGroup;
			children = (
				28FEBA082AB698B6000F38B8 /* TravelBlahBlahUITests.swift */,
				28FEBA0A2AB698B6000F38B8 /* TravelBlahBlahUITestsLaunchTests.swift */,
			);
			path = TravelBlahBlahUITests;
			sourceTree = "<group>";
		};
/* End PBXGroup section */

/* Begin PBXNativeTarget section */
		28FEB9E02AB698B5000F38B8 /* TravelBlahBlah */ = {
			isa = PBXNativeTarget;
			buildConfigurationList = 28FEBA0E2AB698B6000F38B8 /* Build configuration list for PBXNativeTarget "TravelBlahBlah" */;
			buildPhases = (
				28FEB9DD2AB698B5000F38B8 /* Sources */,
				28FEB9DE2AB698B5000F38B8 /* Frameworks */,
				28FEB9DF2AB698B5000F38B8 /* Resources */,
			);
			buildRules = (
			);
			dependencies = (
			);
			name = TravelBlahBlah;
			productName = TravelBlahBlah;
			productReference = 28FEB9E12AB698B5000F38B8 /* TravelBlahBlah.app */;
			productType = "com.apple.product-type.application";
		};
		28FEB9F92AB698B6000F38B8 /* TravelBlahBlahTests */ = {
			isa = PBXNativeTarget;
			buildConfigurationList = 28FEBA112AB698B6000F38B8 /* Build configuration list for PBXNativeTarget "TravelBlahBlahTests" */;
			buildPhases = (
				28FEB9F62AB698B6000F38B8 /* Sources */,
				28FEB9F72AB698B6000F38B8 /* Frameworks */,
				28FEB9F82AB698B6000F38B8 /* Resources */,
			);
			buildRules = (
			);
			dependencies = (
				28FEB9FC2AB698B6000F38B8 /* PBXTargetDependency */,
			);
			name = TravelBlahBlahTests;
			productName = TravelBlahBlahTests;
			productReference = 28FEB9FA2AB698B6000F38B8 /* TravelBlahBlahTests.xctest */;
			productType = "com.apple.product-type.bundle.unit-test";
		};
		28FEBA032AB698B6000F38B8 /* TravelBlahBlahUITests */ = {
			isa = PBXNativeTarget;
			buildConfigurationList = 28FEBA142AB698B6000F38B8 /* Build configuration list for PBXNativeTarget "TravelBlahBlahUITests" */;
			buildPhases = (
				28FEBA002AB698B6000F38B8 /* Sources */,
				28FEBA012AB698B6000F38B8 /* Frameworks */,
				28FEBA022AB698B6000F38B8 /* Resources */,
			);
			buildRules = (
			);
			dependencies = (
				28FEBA062AB698B6000F38B8 /* PBXTargetDependency */,
			);
			name = TravelBlahBlahUITests;
			productName = TravelBlahBlahUITests;
			productReference = 28FEBA042AB698B6000F38B8 /* TravelBlahBlahUITests.xctest */;
			productType = "com.apple.product-type.bundle.ui-testing";
		};
/* End PBXNativeTarget section */

/* Begin PBXProject section */
		28FEB9D92AB698B5000F38B8 /* Project object */ = {
			isa = PBXProject;
			attributes = {
				BuildIndependentTargetsInParallel = 1;
				LastSwiftUpdateCheck = 1430;
				LastUpgradeCheck = 1430;
				TargetAttributes = {
					28FEB9E02AB698B5000F38B8 = {
						CreatedOnToolsVersion = 14.3.1;
					};
					28FEB9F92AB698B6000F38B8 = {
						CreatedOnToolsVersion = 14.3.1;
						TestTargetID = 28FEB9E02AB698B5000F38B8;
					};
					28FEBA032AB698B6000F38B8 = {
						CreatedOnToolsVersion = 14.3.1;
						TestTargetID = 28FEB9E02AB698B5000F38B8;
					};
				};
			};
			buildConfigurationList = 28FEB9DC2AB698B5000F38B8 /* Build configuration list for PBXProject "TravelBlahBlah" */;
			compatibilityVersion = "Xcode 14.0";
			developmentRegion = en;
			hasScannedForEncodings = 0;
			knownRegions = (
				en,
				Base,
			);
			mainGroup = 28FEB9D82AB698B5000F38B8;
			productRefGroup = 28FEB9E22AB698B5000F38B8 /* Products */;
			projectDirPath = "";
			projectRoot = "";
			targets = (
				28FEB9E02AB698B5000F38B8 /* TravelBlahBlah */,
				28FEB9F92AB698B6000F38B8 /* TravelBlahBlahTests */,
				28FEBA032AB698B6000F38B8 /* TravelBlahBlahUITests */,
			);
		};
/* End PBXProject section */

/* Begin PBXResourcesBuildPhase section */
		28FEB9DF2AB698B5000F38B8 /* Resources */ = {
			isa = PBXResourcesBuildPhase;
			buildActionMask = 2147483647;
			files = (
				28D205142ADBC6FE00FCB971 /* CreateJourneyViewController.storyboard in Resources */,
				28FEB9F42AB698B6000F38B8 /* LaunchScreen.storyboard in Resources */,
				28FEB9F12AB698B6000F38B8 /* Assets.xcassets in Resources */,
				28FEB9EC2AB698B5000F38B8 /* MainViewController.storyboard in Resources */,
			);
			runOnlyForDeploymentPostprocessing = 0;
		};
		28FEB9F82AB698B6000F38B8 /* Resources */ = {
			isa = PBXResourcesBuildPhase;
			buildActionMask = 2147483647;
			files = (
			);
			runOnlyForDeploymentPostprocessing = 0;
		};
		28FEBA022AB698B6000F38B8 /* Resources */ = {
			isa = PBXResourcesBuildPhase;
			buildActionMask = 2147483647;
			files = (
			);
			runOnlyForDeploymentPostprocessing = 0;
		};
/* End PBXResourcesBuildPhase section */

/* Begin PBXSourcesBuildPhase section */
		28FEB9DD2AB698B5000F38B8 /* Sources */ = {
			isa = PBXSourcesBuildPhase;
			buildActionMask = 2147483647;
			files = (
				2801C5F82B098B8700EA886C /* ConnectionError.swift in Sources */,
				28A638AB2B41AD930006C620 /* Endpoint.swift in Sources */,
				2801C5F52B098A1F00EA886C /* AppDIContainer.swift in Sources */,
				28486DCA2B2D745F004BADB0 /* JourneySceneFlowCoordinator.swift in Sources */,
				28E83DB92B1334E800D6D175 /* StoryboardInstantiable.swift in Sources */,
				2801C5FA2B098DDA00EA886C /* DefaultJourneyRepository.swift in Sources */,
				28FB02022B3EFD8F0059349C /* UseCase.swift in Sources */,
				28A638A92B41AB030006C620 /* NetworkService.swift in Sources */,
				2801C6012B098F0E00EA886C /* JourneyRepository.swift in Sources */,
				28FEB9E92AB698B5000F38B8 /* MainViewController.swift in Sources */,
				28D205162ADBC78800FCB971 /* CreateJourneyViewController.swift in Sources */,
				28A638A72B41A9E10006C620 /* DataTransferService.swift in Sources */,
				28FEB9E52AB698B5000F38B8 /* AppDelegate.swift in Sources */,
				2801C6072B098FDE00EA886C /* TestMocks.swift in Sources */,
				2801C6102B09922700EA886C /* TestStubs.swift in Sources */,
				28A638A52B41A5CD0006C620 /* AppConfigurations.swift in Sources */,
				28D90CB82B1625C800D2851B /* AppFlowCoordinator.swift in Sources */,
				286B55C72ACEF5AA008EC81C /* CreateJourneyViewModel.swift in Sources */,
				286B55C52ACEF59A008EC81C /* JourneyModel.swift in Sources */,
				2801C5FD2B098E8800EA886C /* JourneyRequestDTO.swift in Sources */,
				28D90CB62B16224100D2851B /* JourneySceneDIContainer.swift in Sources */,
				2801C6052B098F8600EA886C /* NetworkConfig.swift in Sources */,
				2801C5FF2B098EA000EA886C /* JourneyResponseDTO.swift in Sources */,
				28FEB9E72AB698B5000F38B8 /* SceneDelegate.swift in Sources */,
				28FEB9EF2AB698B5000F38B8 /* TravelBlahBlah.xcdatamodeld in Sources */,
				28FB01FA2B3EFB7E0059349C /* CreateJourneyUseCase.swift in Sources */,
				28FB01FD2B3EFC520059349C /* Cancellable.swift in Sources */,
				2801C60E2B0990A700EA886C /* MainViewModel.swift in Sources */,
				28FB01FF2B3EFD3D0059349C /* JourneyQuery.swift in Sources */,
			);
			runOnlyForDeploymentPostprocessing = 0;
		};
		28FEB9F62AB698B6000F38B8 /* Sources */ = {
			isa = PBXSourcesBuildPhase;
			buildActionMask = 2147483647;
			files = (
				28FEB9FF2AB698B6000F38B8 /* TravelBlahBlahTests.swift in Sources */,
			);
			runOnlyForDeploymentPostprocessing = 0;
		};
		28FEBA002AB698B6000F38B8 /* Sources */ = {
			isa = PBXSourcesBuildPhase;
			buildActionMask = 2147483647;
			files = (
				28FEBA0B2AB698B6000F38B8 /* TravelBlahBlahUITestsLaunchTests.swift in Sources */,
				28FEBA092AB698B6000F38B8 /* TravelBlahBlahUITests.swift in Sources */,
			);
			runOnlyForDeploymentPostprocessing = 0;
		};
/* End PBXSourcesBuildPhase section */

/* Begin PBXTargetDependency section */
		28FEB9FC2AB698B6000F38B8 /* PBXTargetDependency */ = {
			isa = PBXTargetDependency;
			target = 28FEB9E02AB698B5000F38B8 /* TravelBlahBlah */;
			targetProxy = 28FEB9FB2AB698B6000F38B8 /* PBXContainerItemProxy */;
		};
		28FEBA062AB698B6000F38B8 /* PBXTargetDependency */ = {
			isa = PBXTargetDependency;
			target = 28FEB9E02AB698B5000F38B8 /* TravelBlahBlah */;
			targetProxy = 28FEBA052AB698B6000F38B8 /* PBXContainerItemProxy */;
		};
/* End PBXTargetDependency section */

/* Begin PBXVariantGroup section */
		28FEB9EA2AB698B5000F38B8 /* MainViewController.storyboard */ = {
			isa = PBXVariantGroup;
			children = (
				28FEB9EB2AB698B5000F38B8 /* Base */,
			);
			name = MainViewController.storyboard;
			sourceTree = "<group>";
		};
		28FEB9F22AB698B6000F38B8 /* LaunchScreen.storyboard */ = {
			isa = PBXVariantGroup;
			children = (
				28FEB9F32AB698B6000F38B8 /* Base */,
			);
			name = LaunchScreen.storyboard;
			sourceTree = "<group>";
		};
/* End PBXVariantGroup section */

/* Begin XCBuildConfiguration section */
		28FEBA0C2AB698B6000F38B8 /* Debug */ = {
			isa = XCBuildConfiguration;
			buildSettings = {
				ALWAYS_SEARCH_USER_PATHS = NO;
				CLANG_ANALYZER_NONNULL = YES;
				CLANG_ANALYZER_NUMBER_OBJECT_CONVERSION = YES_AGGRESSIVE;
				CLANG_CXX_LANGUAGE_STANDARD = "gnu++20";
				CLANG_ENABLE_MODULES = YES;
				CLANG_ENABLE_OBJC_ARC = YES;
				CLANG_ENABLE_OBJC_WEAK = YES;
				CLANG_WARN_BLOCK_CAPTURE_AUTORELEASING = YES;
				CLANG_WARN_BOOL_CONVERSION = YES;
				CLANG_WARN_COMMA = YES;
				CLANG_WARN_CONSTANT_CONVERSION = YES;
				CLANG_WARN_DEPRECATED_OBJC_IMPLEMENTATIONS = YES;
				CLANG_WARN_DIRECT_OBJC_ISA_USAGE = YES_ERROR;
				CLANG_WARN_DOCUMENTATION_COMMENTS = YES;
				CLANG_WARN_EMPTY_BODY = YES;
				CLANG_WARN_ENUM_CONVERSION = YES;
				CLANG_WARN_INFINITE_RECURSION = YES;
				CLANG_WARN_INT_CONVERSION = YES;
				CLANG_WARN_NON_LITERAL_NULL_CONVERSION = YES;
				CLANG_WARN_OBJC_IMPLICIT_RETAIN_SELF = YES;
				CLANG_WARN_OBJC_LITERAL_CONVERSION = YES;
				CLANG_WARN_OBJC_ROOT_CLASS = YES_ERROR;
				CLANG_WARN_QUOTED_INCLUDE_IN_FRAMEWORK_HEADER = YES;
				CLANG_WARN_RANGE_LOOP_ANALYSIS = YES;
				CLANG_WARN_STRICT_PROTOTYPES = YES;
				CLANG_WARN_SUSPICIOUS_MOVE = YES;
				CLANG_WARN_UNGUARDED_AVAILABILITY = YES_AGGRESSIVE;
				CLANG_WARN_UNREACHABLE_CODE = YES;
				CLANG_WARN__DUPLICATE_METHOD_MATCH = YES;
				COPY_PHASE_STRIP = NO;
				DEBUG_INFORMATION_FORMAT = dwarf;
				ENABLE_STRICT_OBJC_MSGSEND = YES;
				ENABLE_TESTABILITY = YES;
				GCC_C_LANGUAGE_STANDARD = gnu11;
				GCC_DYNAMIC_NO_PIC = NO;
				GCC_NO_COMMON_BLOCKS = YES;
				GCC_OPTIMIZATION_LEVEL = 0;
				GCC_PREPROCESSOR_DEFINITIONS = (
					"DEBUG=1",
					"$(inherited)",
				);
				GCC_WARN_64_TO_32_BIT_CONVERSION = YES;
				GCC_WARN_ABOUT_RETURN_TYPE = YES_ERROR;
				GCC_WARN_UNDECLARED_SELECTOR = YES;
				GCC_WARN_UNINITIALIZED_AUTOS = YES_AGGRESSIVE;
				GCC_WARN_UNUSED_FUNCTION = YES;
				GCC_WARN_UNUSED_VARIABLE = YES;
				IPHONEOS_DEPLOYMENT_TARGET = 16.4;
				MTL_ENABLE_DEBUG_INFO = INCLUDE_SOURCE;
				MTL_FAST_MATH = YES;
				ONLY_ACTIVE_ARCH = YES;
				SDKROOT = iphoneos;
				SWIFT_ACTIVE_COMPILATION_CONDITIONS = DEBUG;
				SWIFT_OPTIMIZATION_LEVEL = "-Onone";
			};
			name = Debug;
		};
		28FEBA0D2AB698B6000F38B8 /* Release */ = {
			isa = XCBuildConfiguration;
			buildSettings = {
				ALWAYS_SEARCH_USER_PATHS = NO;
				CLANG_ANALYZER_NONNULL = YES;
				CLANG_ANALYZER_NUMBER_OBJECT_CONVERSION = YES_AGGRESSIVE;
				CLANG_CXX_LANGUAGE_STANDARD = "gnu++20";
				CLANG_ENABLE_MODULES = YES;
				CLANG_ENABLE_OBJC_ARC = YES;
				CLANG_ENABLE_OBJC_WEAK = YES;
				CLANG_WARN_BLOCK_CAPTURE_AUTORELEASING = YES;
				CLANG_WARN_BOOL_CONVERSION = YES;
				CLANG_WARN_COMMA = YES;
				CLANG_WARN_CONSTANT_CONVERSION = YES;
				CLANG_WARN_DEPRECATED_OBJC_IMPLEMENTATIONS = YES;
				CLANG_WARN_DIRECT_OBJC_ISA_USAGE = YES_ERROR;
				CLANG_WARN_DOCUMENTATION_COMMENTS = YES;
				CLANG_WARN_EMPTY_BODY = YES;
				CLANG_WARN_ENUM_CONVERSION = YES;
				CLANG_WARN_INFINITE_RECURSION = YES;
				CLANG_WARN_INT_CONVERSION = YES;
				CLANG_WARN_NON_LITERAL_NULL_CONVERSION = YES;
				CLANG_WARN_OBJC_IMPLICIT_RETAIN_SELF = YES;
				CLANG_WARN_OBJC_LITERAL_CONVERSION = YES;
				CLANG_WARN_OBJC_ROOT_CLASS = YES_ERROR;
				CLANG_WARN_QUOTED_INCLUDE_IN_FRAMEWORK_HEADER = YES;
				CLANG_WARN_RANGE_LOOP_ANALYSIS = YES;
				CLANG_WARN_STRICT_PROTOTYPES = YES;
				CLANG_WARN_SUSPICIOUS_MOVE = YES;
				CLANG_WARN_UNGUARDED_AVAILABILITY = YES_AGGRESSIVE;
				CLANG_WARN_UNREACHABLE_CODE = YES;
				CLANG_WARN__DUPLICATE_METHOD_MATCH = YES;
				COPY_PHASE_STRIP = NO;
				DEBUG_INFORMATION_FORMAT = "dwarf-with-dsym";
				ENABLE_NS_ASSERTIONS = NO;
				ENABLE_STRICT_OBJC_MSGSEND = YES;
				GCC_C_LANGUAGE_STANDARD = gnu11;
				GCC_NO_COMMON_BLOCKS = YES;
				GCC_WARN_64_TO_32_BIT_CONVERSION = YES;
				GCC_WARN_ABOUT_RETURN_TYPE = YES_ERROR;
				GCC_WARN_UNDECLARED_SELECTOR = YES;
				GCC_WARN_UNINITIALIZED_AUTOS = YES_AGGRESSIVE;
				GCC_WARN_UNUSED_FUNCTION = YES;
				GCC_WARN_UNUSED_VARIABLE = YES;
				IPHONEOS_DEPLOYMENT_TARGET = 16.4;
				MTL_ENABLE_DEBUG_INFO = NO;
				MTL_FAST_MATH = YES;
				SDKROOT = iphoneos;
				SWIFT_COMPILATION_MODE = wholemodule;
				SWIFT_OPTIMIZATION_LEVEL = "-O";
				VALIDATE_PRODUCT = YES;
			};
			name = Release;
		};
		28FEBA0F2AB698B6000F38B8 /* Debug */ = {
			isa = XCBuildConfiguration;
			baseConfigurationReference = 28A638A32B41A4BB0006C620 /* Secrets.xcconfig */;
			buildSettings = {
				ASSETCATALOG_COMPILER_APPICON_NAME = AppIcon;
				ASSETCATALOG_COMPILER_GLOBAL_ACCENT_COLOR_NAME = AccentColor;
				CODE_SIGN_STYLE = Automatic;
				CURRENT_PROJECT_VERSION = 1;
				DEVELOPMENT_TEAM = 7H55VDPHA2;
				GENERATE_INFOPLIST_FILE = YES;
				INFOPLIST_FILE = TravelBlahBlah/Resources/Info.plist;
				INFOPLIST_KEY_UIApplicationSupportsIndirectInputEvents = YES;
				INFOPLIST_KEY_UILaunchStoryboardName = LaunchScreen;
				INFOPLIST_KEY_UIMainStoryboardFile = "";
				INFOPLIST_KEY_UIStatusBarStyle = "";
				INFOPLIST_KEY_UISupportedInterfaceOrientations_iPad = "UIInterfaceOrientationPortrait UIInterfaceOrientationPortraitUpsideDown UIInterfaceOrientationLandscapeLeft UIInterfaceOrientationLandscapeRight";
				INFOPLIST_KEY_UISupportedInterfaceOrientations_iPhone = "UIInterfaceOrientationPortrait UIInterfaceOrientationLandscapeLeft UIInterfaceOrientationLandscapeRight";
				IPHONEOS_DEPLOYMENT_TARGET = 13.0;
				LD_RUNPATH_SEARCH_PATHS = (
					"$(inherited)",
					"@executable_path/Frameworks",
				);
				MARKETING_VERSION = 1.0;
				PRODUCT_BUNDLE_IDENTIFIER = com.travelblahblah.TravelBlahBlah;
				PRODUCT_NAME = "$(TARGET_NAME)";
				SWIFT_EMIT_LOC_STRINGS = YES;
				SWIFT_VERSION = 5.0;
				TARGETED_DEVICE_FAMILY = "1,2";
			};
			name = Debug;
		};
		28FEBA102AB698B6000F38B8 /* Release */ = {
			isa = XCBuildConfiguration;
			baseConfigurationReference = 28A638A32B41A4BB0006C620 /* Secrets.xcconfig */;
			buildSettings = {
				ASSETCATALOG_COMPILER_APPICON_NAME = AppIcon;
				ASSETCATALOG_COMPILER_GLOBAL_ACCENT_COLOR_NAME = AccentColor;
				CODE_SIGN_STYLE = Automatic;
				CURRENT_PROJECT_VERSION = 1;
				DEVELOPMENT_TEAM = 7H55VDPHA2;
				GENERATE_INFOPLIST_FILE = YES;
				INFOPLIST_FILE = TravelBlahBlah/Resources/Info.plist;
				INFOPLIST_KEY_UIApplicationSupportsIndirectInputEvents = YES;
				INFOPLIST_KEY_UILaunchStoryboardName = LaunchScreen;
				INFOPLIST_KEY_UIMainStoryboardFile = "";
				INFOPLIST_KEY_UIStatusBarStyle = "";
				INFOPLIST_KEY_UISupportedInterfaceOrientations_iPad = "UIInterfaceOrientationPortrait UIInterfaceOrientationPortraitUpsideDown UIInterfaceOrientationLandscapeLeft UIInterfaceOrientationLandscapeRight";
				INFOPLIST_KEY_UISupportedInterfaceOrientations_iPhone = "UIInterfaceOrientationPortrait UIInterfaceOrientationLandscapeLeft UIInterfaceOrientationLandscapeRight";
				IPHONEOS_DEPLOYMENT_TARGET = 13.0;
				LD_RUNPATH_SEARCH_PATHS = (
					"$(inherited)",
					"@executable_path/Frameworks",
				);
				MARKETING_VERSION = 1.0;
				PRODUCT_BUNDLE_IDENTIFIER = com.travelblahblah.TravelBlahBlah;
				PRODUCT_NAME = "$(TARGET_NAME)";
				SWIFT_EMIT_LOC_STRINGS = YES;
				SWIFT_VERSION = 5.0;
				TARGETED_DEVICE_FAMILY = "1,2";
			};
			name = Release;
		};
		28FEBA122AB698B6000F38B8 /* Debug */ = {
			isa = XCBuildConfiguration;
			baseConfigurationReference = 28A638A32B41A4BB0006C620 /* Secrets.xcconfig */;
			buildSettings = {
				ALWAYS_EMBED_SWIFT_STANDARD_LIBRARIES = YES;
				BUNDLE_LOADER = "$(TEST_HOST)";
				CODE_SIGN_STYLE = Automatic;
				CURRENT_PROJECT_VERSION = 1;
				GENERATE_INFOPLIST_FILE = YES;
				IPHONEOS_DEPLOYMENT_TARGET = 16.4;
				MARKETING_VERSION = 1.0;
				PRODUCT_BUNDLE_IDENTIFIER = com.travelblahblah.TravelBlahBlahTests;
				PRODUCT_NAME = "$(TARGET_NAME)";
				SWIFT_EMIT_LOC_STRINGS = NO;
				SWIFT_VERSION = 5.0;
				TARGETED_DEVICE_FAMILY = "1,2";
				TEST_HOST = "$(BUILT_PRODUCTS_DIR)/TravelBlahBlah.app/$(BUNDLE_EXECUTABLE_FOLDER_PATH)/TravelBlahBlah";
			};
			name = Debug;
		};
		28FEBA132AB698B6000F38B8 /* Release */ = {
			isa = XCBuildConfiguration;
			buildSettings = {
				ALWAYS_EMBED_SWIFT_STANDARD_LIBRARIES = YES;
				BUNDLE_LOADER = "$(TEST_HOST)";
				CODE_SIGN_STYLE = Automatic;
				CURRENT_PROJECT_VERSION = 1;
				GENERATE_INFOPLIST_FILE = YES;
				IPHONEOS_DEPLOYMENT_TARGET = 16.4;
				MARKETING_VERSION = 1.0;
				PRODUCT_BUNDLE_IDENTIFIER = com.travelblahblah.TravelBlahBlahTests;
				PRODUCT_NAME = "$(TARGET_NAME)";
				SWIFT_EMIT_LOC_STRINGS = NO;
				SWIFT_VERSION = 5.0;
				TARGETED_DEVICE_FAMILY = "1,2";
				TEST_HOST = "$(BUILT_PRODUCTS_DIR)/TravelBlahBlah.app/$(BUNDLE_EXECUTABLE_FOLDER_PATH)/TravelBlahBlah";
			};
			name = Release;
		};
		28FEBA152AB698B6000F38B8 /* Debug */ = {
			isa = XCBuildConfiguration;
			buildSettings = {
				ALWAYS_EMBED_SWIFT_STANDARD_LIBRARIES = YES;
				CODE_SIGN_STYLE = Automatic;
				CURRENT_PROJECT_VERSION = 1;
				GENERATE_INFOPLIST_FILE = YES;
				MARKETING_VERSION = 1.0;
				PRODUCT_BUNDLE_IDENTIFIER = com.travelblahblah.TravelBlahBlahUITests;
				PRODUCT_NAME = "$(TARGET_NAME)";
				SWIFT_EMIT_LOC_STRINGS = NO;
				SWIFT_VERSION = 5.0;
				TARGETED_DEVICE_FAMILY = "1,2";
				TEST_TARGET_NAME = TravelBlahBlah;
			};
			name = Debug;
		};
		28FEBA162AB698B6000F38B8 /* Release */ = {
			isa = XCBuildConfiguration;
			buildSettings = {
				ALWAYS_EMBED_SWIFT_STANDARD_LIBRARIES = YES;
				CODE_SIGN_STYLE = Automatic;
				CURRENT_PROJECT_VERSION = 1;
				GENERATE_INFOPLIST_FILE = YES;
				MARKETING_VERSION = 1.0;
				PRODUCT_BUNDLE_IDENTIFIER = com.travelblahblah.TravelBlahBlahUITests;
				PRODUCT_NAME = "$(TARGET_NAME)";
				SWIFT_EMIT_LOC_STRINGS = NO;
				SWIFT_VERSION = 5.0;
				TARGETED_DEVICE_FAMILY = "1,2";
				TEST_TARGET_NAME = TravelBlahBlah;
			};
			name = Release;
		};
/* End XCBuildConfiguration section */

/* Begin XCConfigurationList section */
		28FEB9DC2AB698B5000F38B8 /* Build configuration list for PBXProject "TravelBlahBlah" */ = {
			isa = XCConfigurationList;
			buildConfigurations = (
				28FEBA0C2AB698B6000F38B8 /* Debug */,
				28FEBA0D2AB698B6000F38B8 /* Release */,
			);
			defaultConfigurationIsVisible = 0;
			defaultConfigurationName = Release;
		};
		28FEBA0E2AB698B6000F38B8 /* Build configuration list for PBXNativeTarget "TravelBlahBlah" */ = {
			isa = XCConfigurationList;
			buildConfigurations = (
				28FEBA0F2AB698B6000F38B8 /* Debug */,
				28FEBA102AB698B6000F38B8 /* Release */,
			);
			defaultConfigurationIsVisible = 0;
			defaultConfigurationName = Release;
		};
		28FEBA112AB698B6000F38B8 /* Build configuration list for PBXNativeTarget "TravelBlahBlahTests" */ = {
			isa = XCConfigurationList;
			buildConfigurations = (
				28FEBA122AB698B6000F38B8 /* Debug */,
				28FEBA132AB698B6000F38B8 /* Release */,
			);
			defaultConfigurationIsVisible = 0;
			defaultConfigurationName = Release;
		};
		28FEBA142AB698B6000F38B8 /* Build configuration list for PBXNativeTarget "TravelBlahBlahUITests" */ = {
			isa = XCConfigurationList;
			buildConfigurations = (
				28FEBA152AB698B6000F38B8 /* Debug */,
				28FEBA162AB698B6000F38B8 /* Release */,
			);
			defaultConfigurationIsVisible = 0;
			defaultConfigurationName = Release;
		};
/* End XCConfigurationList section */

/* Begin XCVersionGroup section */
		28FEB9ED2AB698B5000F38B8 /* TravelBlahBlah.xcdatamodeld */ = {
			isa = XCVersionGroup;
			children = (
				28FEB9EE2AB698B5000F38B8 /* TravelBlahBlah.xcdatamodel */,
			);
			currentVersion = 28FEB9EE2AB698B5000F38B8 /* TravelBlahBlah.xcdatamodel */;
			path = TravelBlahBlah.xcdatamodeld;
			sourceTree = "<group>";
			versionGroupType = wrapper.xcdatamodel;
		};
/* End XCVersionGroup section */
	};
	rootObject = 28FEB9D92AB698B5000F38B8 /* Project object */;
}
