// !$*UTF8*$!
{
	archiveVersion = 1;
	classes = {
	};
	objectVersion = 56;
	objects = {

/* Begin PBXBuildFile section */
		28FEB9E52AB698B5000F38B8 /* AppDelegate.swift in Sources */ = {isa = PBXBuildFile; fileRef = 28FEB9E42AB698B5000F38B8 /* AppDelegate.swift */; };
		28FEB9E72AB698B5000F38B8 /* SceneDelegate.swift in Sources */ = {isa = PBXBuildFile; fileRef = 28FEB9E62AB698B5000F38B8 /* SceneDelegate.swift */; };
		28FEB9E92AB698B5000F38B8 /* ViewController.swift in Sources */ = {isa = PBXBuildFile; fileRef = 28FEB9E82AB698B5000F38B8 /* ViewController.swift */; };
		28FEB9EC2AB698B5000F38B8 /* Main.storyboard in Resources */ = {isa = PBXBuildFile; fileRef = 28FEB9EA2AB698B5000F38B8 /* Main.storyboard */; };
		28FEB9EF2AB698B5000F38B8 /* TravelBlahBlah.xcdatamodeld in Sources */ = {isa = PBXBuildFile; fileRef = 28FEB9ED2AB698B5000F38B8 /* TravelBlahBlah.xcdatamodeld */; };
		28FEB9F12AB698B6000F38B8 /* Assets.xcassets in Resources */ = {isa = PBXBuildFile; fileRef = 28FEB9F02AB698B6000F38B8 /* Assets.xcassets */; };
		28FEB9F42AB698B6000F38B8 /* LaunchScreen.storyboard in Resources */ = {isa = PBXBuildFile; fileRef = 28FEB9F22AB698B6000F38B8 /* LaunchScreen.storyboard */; };
		28FEB9FF2AB698B6000F38B8 /* TravelBlahBlahTests.swift in Sources */ = {isa = PBXBuildFile; fileRef = 28FEB9FE2AB698B6000F38B8 /* TravelBlahBlahTests.swift */; };
		28FEBA092AB698B6000F38B8 /* TravelBlahBlahUITests.swift in Sources */ = {isa = PBXBuildFile; fileRef = 28FEBA082AB698B6000F38B8 /* TravelBlahBlahUITests.swift */; };
		28FEBA0B2AB698B6000F38B8 /* TravelBlahBlahUITestsLaunchTests.swift in Sources */ = {isa = PBXBuildFile; fileRef = 28FEBA0A2AB698B6000F38B8 /* TravelBlahBlahUITestsLaunchTests.swift */; };
/* End PBXBuildFile section */

/* Begin PBXContainerItemProxy section */
		28FEB9FB2AB698B6000F38B8 /* PBXContainerItemProxy */ = {
			isa = PBXContainerItemProxy;
			containerPortal = 28FEB9D92AB698B5000F38B8 /* Project object */;
			proxyType = 1;
			remoteGlobalIDString = 28FEB9E02AB698B5000F38B8;
			remoteInfo = TravelBlahBlah;
		};
		28FEBA052AB698B6000F38B8 /* PBXContainerItemProxy */ = {
			isa = PBXContainerItemProxy;
			containerPortal = 28FEB9D92AB698B5000F38B8 /* Project object */;
			proxyType = 1;
			remoteGlobalIDString = 28FEB9E02AB698B5000F38B8;
			remoteInfo = TravelBlahBlah;
		};
/* End PBXContainerItemProxy section */

/* Begin PBXFileReference section */
		28FEB9E12AB698B5000F38B8 /* TravelBlahBlah.app */ = {isa = PBXFileReference; explicitFileType = wrapper.application; includeInIndex = 0; path = TravelBlahBlah.app; sourceTree = BUILT_PRODUCTS_DIR; };
		28FEB9E42AB698B5000F38B8 /* AppDelegate.swift */ = {isa = PBXFileReference; lastKnownFileType = sourcecode.swift; path = AppDelegate.swift; sourceTree = "<group>"; };
		28FEB9E62AB698B5000F38B8 /* SceneDelegate.swift */ = {isa = PBXFileReference; lastKnownFileType = sourcecode.swift; path = SceneDelegate.swift; sourceTree = "<group>"; };
		28FEB9E82AB698B5000F38B8 /* ViewController.swift */ = {isa = PBXFileReference; lastKnownFileType = sourcecode.swift; path = ViewController.swift; sourceTree = "<group>"; };
		28FEB9EB2AB698B5000F38B8 /* Base */ = {isa = PBXFileReference; lastKnownFileType = file.storyboard; name = Base; path = Base.lproj/Main.storyboard; sourceTree = "<group>"; };
		28FEB9EE2AB698B5000F38B8 /* TravelBlahBlah.xcdatamodel */ = {isa = PBXFileReference; lastKnownFileType = wrapper.xcdatamodel; path = TravelBlahBlah.xcdatamodel; sourceTree = "<group>"; };
		28FEB9F02AB698B6000F38B8 /* Assets.xcassets */ = {isa = PBXFileReference; lastKnownFileType = folder.assetcatalog; path = Assets.xcassets; sourceTree = "<group>"; };
		28FEB9F32AB698B6000F38B8 /* Base */ = {isa = PBXFileReference; lastKnownFileType = file.storyboard; name = Base; path = Base.lproj/LaunchScreen.storyboard; sourceTree = "<group>"; };
		28FEB9F52AB698B6000F38B8 /* Info.plist */ = {isa = PBXFileReference; lastKnownFileType = text.plist.xml; path = Info.plist; sourceTree = "<group>"; };
		28FEB9FA2AB698B6000F38B8 /* TravelBlahBlahTests.xctest */ = {isa = PBXFileReference; explicitFileType = wrapper.cfbundle; includeInIndex = 0; path = TravelBlahBlahTests.xctest; sourceTree = BUILT_PRODUCTS_DIR; };
		28FEB9FE2AB698B6000F38B8 /* TravelBlahBlahTests.swift */ = {isa = PBXFileReference; lastKnownFileType = sourcecode.swift; path = TravelBlahBlahTests.swift; sourceTree = "<group>"; };
		28FEBA042AB698B6000F38B8 /* TravelBlahBlahUITests.xctest */ = {isa = PBXFileReference; explicitFileType = wrapper.cfbundle; includeInIndex = 0; path = TravelBlahBlahUITests.xctest; sourceTree = BUILT_PRODUCTS_DIR; };
		28FEBA082AB698B6000F38B8 /* TravelBlahBlahUITests.swift */ = {isa = PBXFileReference; lastKnownFileType = sourcecode.swift; path = TravelBlahBlahUITests.swift; sourceTree = "<group>"; };
		28FEBA0A2AB698B6000F38B8 /* TravelBlahBlahUITestsLaunchTests.swift */ = {isa = PBXFileReference; lastKnownFileType = sourcecode.swift; path = TravelBlahBlahUITestsLaunchTests.swift; sourceTree = "<group>"; };
/* End PBXFileReference section */

/* Begin PBXFrameworksBuildPhase section */
		28FEB9DE2AB698B5000F38B8 /* Frameworks */ = {
			isa = PBXFrameworksBuildPhase;
			buildActionMask = 2147483647;
			files = (
			);
			runOnlyForDeploymentPostprocessing = 0;
		};
		28FEB9F72AB698B6000F38B8 /* Frameworks */ = {
			isa = PBXFrameworksBuildPhase;
			buildActionMask = 2147483647;
			files = (
			);
			runOnlyForDeploymentPostprocessing = 0;
		};
		28FEBA012AB698B6000F38B8 /* Frameworks */ = {
			isa = PBXFrameworksBuildPhase;
			buildActionMask = 2147483647;
			files = (
			);
			runOnlyForDeploymentPostprocessing = 0;
		};
/* End PBXFrameworksBuildPhase section */

/* Begin PBXGroup section */
		28FEB9D82AB698B5000F38B8 = {
			isa = PBXGroup;
			children = (
				28FEB9E32AB698B5000F38B8 /* TravelBlahBlah */,
				28FEB9FD2AB698B6000F38B8 /* TravelBlahBlahTests */,
				28FEBA072AB698B6000F38B8 /* TravelBlahBlahUITests */,
				28FEB9E22AB698B5000F38B8 /* Products */,
			);
			sourceTree = "<group>";
		};
		28FEB9E22AB698B5000F38B8 /* Products */ = {
			isa = PBXGroup;
			children = (
				28FEB9E12AB698B5000F38B8 /* TravelBlahBlah.app */,
				28FEB9FA2AB698B6000F38B8 /* TravelBlahBlahTests.xctest */,
				28FEBA042AB698B6000F38B8 /* TravelBlahBlahUITests.xctest */,
			);
			name = Products;
			sourceTree = "<group>";
		};
		28FEB9E32AB698B5000F38B8 /* TravelBlahBlah */ = {
			isa = PBXGroup;
			children = (
				28FEB9E42AB698B5000F38B8 /* AppDelegate.swift */,
				28FEB9E62AB698B5000F38B8 /* SceneDelegate.swift */,
				28FEB9E82AB698B5000F38B8 /* ViewController.swift */,
				28FEB9EA2AB698B5000F38B8 /* Main.storyboard */,
				28FEB9F02AB698B6000F38B8 /* Assets.xcassets */,
				28FEB9F22AB698B6000F38B8 /* LaunchScreen.storyboard */,
				28FEB9F52AB698B6000F38B8 /* Info.plist */,
				28FEB9ED2AB698B5000F38B8 /* TravelBlahBlah.xcdatamodeld */,
			);
			path = TravelBlahBlah;
			sourceTree = "<group>";
		};
		28FEB9FD2AB698B6000F38B8 /* TravelBlahBlahTests */ = {
			isa = PBXGroup;
			children = (
				28FEB9FE2AB698B6000F38B8 /* TravelBlahBlahTests.swift */,
			);
			path = TravelBlahBlahTests;
			sourceTree = "<group>";
		};
		28FEBA072AB698B6000F38B8 /* TravelBlahBlahUITests */ = {
			isa = PBXGroup;
			children = (
				28FEBA082AB698B6000F38B8 /* TravelBlahBlahUITests.swift */,
				28FEBA0A2AB698B6000F38B8 /* TravelBlahBlahUITestsLaunchTests.swift */,
			);
			path = TravelBlahBlahUITests;
			sourceTree = "<group>";
		};
/* End PBXGroup section */

/* Begin PBXNativeTarget section */
		28FEB9E02AB698B5000F38B8 /* TravelBlahBlah */ = {
			isa = PBXNativeTarget;
			buildConfigurationList = 28FEBA0E2AB698B6000F38B8 /* Build configuration list for PBXNativeTarget "TravelBlahBlah" */;
			buildPhases = (
				28FEB9DD2AB698B5000F38B8 /* Sources */,
				28FEB9DE2AB698B5000F38B8 /* Frameworks */,
				28FEB9DF2AB698B5000F38B8 /* Resources */,
			);
			buildRules = (
			);
			dependencies = (
			);
			name = TravelBlahBlah;
			productName = TravelBlahBlah;
			productReference = 28FEB9E12AB698B5000F38B8 /* TravelBlahBlah.app */;
			productType = "com.apple.product-type.application";
		};
		28FEB9F92AB698B6000F38B8 /* TravelBlahBlahTests */ = {
			isa = PBXNativeTarget;
			buildConfigurationList = 28FEBA112AB698B6000F38B8 /* Build configuration list for PBXNativeTarget "TravelBlahBlahTests" */;
			buildPhases = (
				28FEB9F62AB698B6000F38B8 /* Sources */,
				28FEB9F72AB698B6000F38B8 /* Frameworks */,
				28FEB9F82AB698B6000F38B8 /* Resources */,
			);
			buildRules = (
			);
			dependencies = (
				28FEB9FC2AB698B6000F38B8 /* PBXTargetDependency */,
			);
			name = TravelBlahBlahTests;
			productName = TravelBlahBlahTests;
			productReference = 28FEB9FA2AB698B6000F38B8 /* TravelBlahBlahTests.xctest */;
			productType = "com.apple.product-type.bundle.unit-test";
		};
		28FEBA032AB698B6000F38B8 /* TravelBlahBlahUITests */ = {
			isa = PBXNativeTarget;
			buildConfigurationList = 28FEBA142AB698B6000F38B8 /* Build configuration list for PBXNativeTarget "TravelBlahBlahUITests" */;
			buildPhases = (
				28FEBA002AB698B6000F38B8 /* Sources */,
				28FEBA012AB698B6000F38B8 /* Frameworks */,
				28FEBA022AB698B6000F38B8 /* Resources */,
			);
			buildRules = (
			);
			dependencies = (
				28FEBA062AB698B6000F38B8 /* PBXTargetDependency */,
			);
			name = TravelBlahBlahUITests;
			productName = TravelBlahBlahUITests;
			productReference = 28FEBA042AB698B6000F38B8 /* TravelBlahBlahUITests.xctest */;
			productType = "com.apple.product-type.bundle.ui-testing";
		};
/* End PBXNativeTarget section */

/* Begin PBXProject section */
		28FEB9D92AB698B5000F38B8 /* Project object */ = {
			isa = PBXProject;
			attributes = {
				BuildIndependentTargetsInParallel = 1;
				LastSwiftUpdateCheck = 1430;
				LastUpgradeCheck = 1430;
				TargetAttributes = {
					28FEB9E02AB698B5000F38B8 = {
						CreatedOnToolsVersion = 14.3.1;
					};
					28FEB9F92AB698B6000F38B8 = {
						CreatedOnToolsVersion = 14.3.1;
						TestTargetID = 28FEB9E02AB698B5000F38B8;
					};
					28FEBA032AB698B6000F38B8 = {
						CreatedOnToolsVersion = 14.3.1;
						TestTargetID = 28FEB9E02AB698B5000F38B8;
					};
				};
			};
			buildConfigurationList = 28FEB9DC2AB698B5000F38B8 /* Build configuration list for PBXProject "TravelBlahBlah" */;
			compatibilityVersion = "Xcode 14.0";
			developmentRegion = en;
			hasScannedForEncodings = 0;
			knownRegions = (
				en,
				Base,
			);
			mainGroup = 28FEB9D82AB698B5000F38B8;
			productRefGroup = 28FEB9E22AB698B5000F38B8 /* Products */;
			projectDirPath = "";
			projectRoot = "";
			targets = (
				28FEB9E02AB698B5000F38B8 /* TravelBlahBlah */,
				28FEB9F92AB698B6000F38B8 /* TravelBlahBlahTests */,
				28FEBA032AB698B6000F38B8 /* TravelBlahBlahUITests */,
			);
		};
/* End PBXProject section */

/* Begin PBXResourcesBuildPhase section */
		28FEB9DF2AB698B5000F38B8 /* Resources */ = {
			isa = PBXResourcesBuildPhase;
			buildActionMask = 2147483647;
			files = (
				28FEB9F42AB698B6000F38B8 /* LaunchScreen.storyboard in Resources */,
				28FEB9F12AB698B6000F38B8 /* Assets.xcassets in Resources */,
				28FEB9EC2AB698B5000F38B8 /* Main.storyboard in Resources */,
			);
			runOnlyForDeploymentPostprocessing = 0;
		};
		28FEB9F82AB698B6000F38B8 /* Resources */ = {
			isa = PBXResourcesBuildPhase;
			buildActionMask = 2147483647;
			files = (
			);
			runOnlyForDeploymentPostprocessing = 0;
		};
		28FEBA022AB698B6000F38B8 /* Resources */ = {
			isa = PBXResourcesBuildPhase;
			buildActionMask = 2147483647;
			files = (
			);
			runOnlyForDeploymentPostprocessing = 0;
		};
/* End PBXResourcesBuildPhase section */

/* Begin PBXSourcesBuildPhase section */
		28FEB9DD2AB698B5000F38B8 /* Sources */ = {
			isa = PBXSourcesBuildPhase;
			buildActionMask = 2147483647;
			files = (
				28FEB9E92AB698B5000F38B8 /* ViewController.swift in Sources */,
				28FEB9E52AB698B5000F38B8 /* AppDelegate.swift in Sources */,
				28FEB9E72AB698B5000F38B8 /* SceneDelegate.swift in Sources */,
				28FEB9EF2AB698B5000F38B8 /* TravelBlahBlah.xcdatamodeld in Sources */,
			);
			runOnlyForDeploymentPostprocessing = 0;
		};
		28FEB9F62AB698B6000F38B8 /* Sources */ = {
			isa = PBXSourcesBuildPhase;
			buildActionMask = 2147483647;
			files = (
				28FEB9FF2AB698B6000F38B8 /* TravelBlahBlahTests.swift in Sources */,
			);
			runOnlyForDeploymentPostprocessing = 0;
		};
		28FEBA002AB698B6000F38B8 /* Sources */ = {
			isa = PBXSourcesBuildPhase;
			buildActionMask = 2147483647;
			files = (
				28FEBA0B2AB698B6000F38B8 /* TravelBlahBlahUITestsLaunchTests.swift in Sources */,
				28FEBA092AB698B6000F38B8 /* TravelBlahBlahUITests.swift in Sources */,
			);
			runOnlyForDeploymentPostprocessing = 0;
		};
/* End PBXSourcesBuildPhase section */

/* Begin PBXTargetDependency section */
		28FEB9FC2AB698B6000F38B8 /* PBXTargetDependency */ = {
			isa = PBXTargetDependency;
			target = 28FEB9E02AB698B5000F38B8 /* TravelBlahBlah */;
			targetProxy = 28FEB9FB2AB698B6000F38B8 /* PBXContainerItemProxy */;
		};
		28FEBA062AB698B6000F38B8 /* PBXTargetDependency */ = {
			isa = PBXTargetDependency;
			target = 28FEB9E02AB698B5000F38B8 /* TravelBlahBlah */;
			targetProxy = 28FEBA052AB698B6000F38B8 /* PBXContainerItemProxy */;
		};
/* End PBXTargetDependency section */

/* Begin PBXVariantGroup section */
		28FEB9EA2AB698B5000F38B8 /* Main.storyboard */ = {
			isa = PBXVariantGroup;
			children = (
				28FEB9EB2AB698B5000F38B8 /* Base */,
			);
			name = Main.storyboard;
			sourceTree = "<group>";
		};
		28FEB9F22AB698B6000F38B8 /* LaunchScreen.storyboard */ = {
			isa = PBXVariantGroup;
			children = (
				28FEB9F32AB698B6000F38B8 /* Base */,
			);
			name = LaunchScreen.storyboard;
			sourceTree = "<group>";
		};
/* End PBXVariantGroup section */

/* Begin XCBuildConfiguration section */
		28FEBA0C2AB698B6000F38B8 /* Debug */ = {
			isa = XCBuildConfiguration;
			buildSettings = {
				ALWAYS_SEARCH_USER_PATHS = NO;
				CLANG_ANALYZER_NONNULL = YES;
				CLANG_ANALYZER_NUMBER_OBJECT_CONVERSION = YES_AGGRESSIVE;
				CLANG_CXX_LANGUAGE_STANDARD = "gnu++20";
				CLANG_ENABLE_MODULES = YES;
				CLANG_ENABLE_OBJC_ARC = YES;
				CLANG_ENABLE_OBJC_WEAK = YES;
				CLANG_WARN_BLOCK_CAPTURE_AUTORELEASING = YES;
				CLANG_WARN_BOOL_CONVERSION = YES;
				CLANG_WARN_COMMA = YES;
				CLANG_WARN_CONSTANT_CONVERSION = YES;
				CLANG_WARN_DEPRECATED_OBJC_IMPLEMENTATIONS = YES;
				CLANG_WARN_DIRECT_OBJC_ISA_USAGE = YES_ERROR;
				CLANG_WARN_DOCUMENTATION_COMMENTS = YES;
				CLANG_WARN_EMPTY_BODY = YES;
				CLANG_WARN_ENUM_CONVERSION = YES;
				CLANG_WARN_INFINITE_RECURSION = YES;
				CLANG_WARN_INT_CONVERSION = YES;
				CLANG_WARN_NON_LITERAL_NULL_CONVERSION = YES;
				CLANG_WARN_OBJC_IMPLICIT_RETAIN_SELF = YES;
				CLANG_WARN_OBJC_LITERAL_CONVERSION = YES;
				CLANG_WARN_OBJC_ROOT_CLASS = YES_ERROR;
				CLANG_WARN_QUOTED_INCLUDE_IN_FRAMEWORK_HEADER = YES;
				CLANG_WARN_RANGE_LOOP_ANALYSIS = YES;
				CLANG_WARN_STRICT_PROTOTYPES = YES;
				CLANG_WARN_SUSPICIOUS_MOVE = YES;
				CLANG_WARN_UNGUARDED_AVAILABILITY = YES_AGGRESSIVE;
				CLANG_WARN_UNREACHABLE_CODE = YES;
				CLANG_WARN__DUPLICATE_METHOD_MATCH = YES;
				COPY_PHASE_STRIP = NO;
				DEBUG_INFORMATION_FORMAT = dwarf;
				ENABLE_STRICT_OBJC_MSGSEND = YES;
				ENABLE_TESTABILITY = YES;
				GCC_C_LANGUAGE_STANDARD = gnu11;
				GCC_DYNAMIC_NO_PIC = NO;
				GCC_NO_COMMON_BLOCKS = YES;
				GCC_OPTIMIZATION_LEVEL = 0;
				GCC_PREPROCESSOR_DEFINITIONS = (
					"DEBUG=1",
					"$(inherited)",
				);
				GCC_WARN_64_TO_32_BIT_CONVERSION = YES;
				GCC_WARN_ABOUT_RETURN_TYPE = YES_ERROR;
				GCC_WARN_UNDECLARED_SELECTOR = YES;
				GCC_WARN_UNINITIALIZED_AUTOS = YES_AGGRESSIVE;
				GCC_WARN_UNUSED_FUNCTION = YES;
				GCC_WARN_UNUSED_VARIABLE = YES;
				IPHONEOS_DEPLOYMENT_TARGET = 16.4;
				MTL_ENABLE_DEBUG_INFO = INCLUDE_SOURCE;
				MTL_FAST_MATH = YES;
				ONLY_ACTIVE_ARCH = YES;
				SDKROOT = iphoneos;
				SWIFT_ACTIVE_COMPILATION_CONDITIONS = DEBUG;
				SWIFT_OPTIMIZATION_LEVEL = "-Onone";
			};
			name = Debug;
		};
		28FEBA0D2AB698B6000F38B8 /* Release */ = {
			isa = XCBuildConfiguration;
			buildSettings = {
				ALWAYS_SEARCH_USER_PATHS = NO;
				CLANG_ANALYZER_NONNULL = YES;
				CLANG_ANALYZER_NUMBER_OBJECT_CONVERSION = YES_AGGRESSIVE;
				CLANG_CXX_LANGUAGE_STANDARD = "gnu++20";
				CLANG_ENABLE_MODULES = YES;
				CLANG_ENABLE_OBJC_ARC = YES;
				CLANG_ENABLE_OBJC_WEAK = YES;
				CLANG_WARN_BLOCK_CAPTURE_AUTORELEASING = YES;
				CLANG_WARN_BOOL_CONVERSION = YES;
				CLANG_WARN_COMMA = YES;
				CLANG_WARN_CONSTANT_CONVERSION = YES;
				CLANG_WARN_DEPRECATED_OBJC_IMPLEMENTATIONS = YES;
				CLANG_WARN_DIRECT_OBJC_ISA_USAGE = YES_ERROR;
				CLANG_WARN_DOCUMENTATION_COMMENTS = YES;
				CLANG_WARN_EMPTY_BODY = YES;
				CLANG_WARN_ENUM_CONVERSION = YES;
				CLANG_WARN_INFINITE_RECURSION = YES;
				CLANG_WARN_INT_CONVERSION = YES;
				CLANG_WARN_NON_LITERAL_NULL_CONVERSION = YES;
				CLANG_WARN_OBJC_IMPLICIT_RETAIN_SELF = YES;
				CLANG_WARN_OBJC_LITERAL_CONVERSION = YES;
				CLANG_WARN_OBJC_ROOT_CLASS = YES_ERROR;
				CLANG_WARN_QUOTED_INCLUDE_IN_FRAMEWORK_HEADER = YES;
				CLANG_WARN_RANGE_LOOP_ANALYSIS = YES;
				CLANG_WARN_STRICT_PROTOTYPES = YES;
				CLANG_WARN_SUSPICIOUS_MOVE = YES;
				CLANG_WARN_UNGUARDED_AVAILABILITY = YES_AGGRESSIVE;
				CLANG_WARN_UNREACHABLE_CODE = YES;
				CLANG_WARN__DUPLICATE_METHOD_MATCH = YES;
				COPY_PHASE_STRIP = NO;
				DEBUG_INFORMATION_FORMAT = "dwarf-with-dsym";
				ENABLE_NS_ASSERTIONS = NO;
				ENABLE_STRICT_OBJC_MSGSEND = YES;
				GCC_C_LANGUAGE_STANDARD = gnu11;
				GCC_NO_COMMON_BLOCKS = YES;
				GCC_WARN_64_TO_32_BIT_CONVERSION = YES;
				GCC_WARN_ABOUT_RETURN_TYPE = YES_ERROR;
				GCC_WARN_UNDECLARED_SELECTOR = YES;
				GCC_WARN_UNINITIALIZED_AUTOS = YES_AGGRESSIVE;
				GCC_WARN_UNUSED_FUNCTION = YES;
				GCC_WARN_UNUSED_VARIABLE = YES;
				IPHONEOS_DEPLOYMENT_TARGET = 16.4;
				MTL_ENABLE_DEBUG_INFO = NO;
				MTL_FAST_MATH = YES;
				SDKROOT = iphoneos;
				SWIFT_COMPILATION_MODE = wholemodule;
				SWIFT_OPTIMIZATION_LEVEL = "-O";
				VALIDATE_PRODUCT = YES;
			};
			name = Release;
		};
		28FEBA0F2AB698B6000F38B8 /* Debug */ = {
			isa = XCBuildConfiguration;
			buildSettings = {
				ASSETCATALOG_COMPILER_APPICON_NAME = AppIcon;
				ASSETCATALOG_COMPILER_GLOBAL_ACCENT_COLOR_NAME = AccentColor;
				CODE_SIGN_STYLE = Automatic;
				CURRENT_PROJECT_VERSION = 1;
				GENERATE_INFOPLIST_FILE = YES;
				INFOPLIST_FILE = TravelBlahBlah/Info.plist;
				INFOPLIST_KEY_UIApplicationSupportsIndirectInputEvents = YES;
				INFOPLIST_KEY_UILaunchStoryboardName = LaunchScreen;
				INFOPLIST_KEY_UIMainStoryboardFile = Main;
				INFOPLIST_KEY_UIStatusBarStyle = "";
				INFOPLIST_KEY_UISupportedInterfaceOrientations_iPad = "UIInterfaceOrientationPortrait UIInterfaceOrientationPortraitUpsideDown UIInterfaceOrientationLandscapeLeft UIInterfaceOrientationLandscapeRight";
				INFOPLIST_KEY_UISupportedInterfaceOrientations_iPhone = "UIInterfaceOrientationPortrait UIInterfaceOrientationLandscapeLeft UIInterfaceOrientationLandscapeRight";
				IPHONEOS_DEPLOYMENT_TARGET = 14.0;
				LD_RUNPATH_SEARCH_PATHS = (
					"$(inherited)",
					"@executable_path/Frameworks",
				);
				MARKETING_VERSION = 1.0;
				PRODUCT_BUNDLE_IDENTIFIER = com.travelblahblah.TravelBlahBlah;
				PRODUCT_NAME = "$(TARGET_NAME)";
				SWIFT_EMIT_LOC_STRINGS = YES;
				SWIFT_VERSION = 5.0;
				TARGETED_DEVICE_FAMILY = "1,2";
			};
			name = Debug;
		};
		28FEBA102AB698B6000F38B8 /* Release */ = {
			isa = XCBuildConfiguration;
			buildSettings = {
				ASSETCATALOG_COMPILER_APPICON_NAME = AppIcon;
				ASSETCATALOG_COMPILER_GLOBAL_ACCENT_COLOR_NAME = AccentColor;
				CODE_SIGN_STYLE = Automatic;
				CURRENT_PROJECT_VERSION = 1;
				GENERATE_INFOPLIST_FILE = YES;
				INFOPLIST_FILE = TravelBlahBlah/Info.plist;
				INFOPLIST_KEY_UIApplicationSupportsIndirectInputEvents = YES;
				INFOPLIST_KEY_UILaunchStoryboardName = LaunchScreen;
				INFOPLIST_KEY_UIMainStoryboardFile = Main;
				INFOPLIST_KEY_UIStatusBarStyle = "";
				INFOPLIST_KEY_UISupportedInterfaceOrientations_iPad = "UIInterfaceOrientationPortrait UIInterfaceOrientationPortraitUpsideDown UIInterfaceOrientationLandscapeLeft UIInterfaceOrientationLandscapeRight";
				INFOPLIST_KEY_UISupportedInterfaceOrientations_iPhone = "UIInterfaceOrientationPortrait UIInterfaceOrientationLandscapeLeft UIInterfaceOrientationLandscapeRight";
				IPHONEOS_DEPLOYMENT_TARGET = 14.0;
				LD_RUNPATH_SEARCH_PATHS = (
					"$(inherited)",
					"@executable_path/Frameworks",
				);
				MARKETING_VERSION = 1.0;
				PRODUCT_BUNDLE_IDENTIFIER = com.travelblahblah.TravelBlahBlah;
				PRODUCT_NAME = "$(TARGET_NAME)";
				SWIFT_EMIT_LOC_STRINGS = YES;
				SWIFT_VERSION = 5.0;
				TARGETED_DEVICE_FAMILY = "1,2";
			};
			name = Release;
		};
		28FEBA122AB698B6000F38B8 /* Debug */ = {
			isa = XCBuildConfiguration;
			buildSettings = {
				ALWAYS_EMBED_SWIFT_STANDARD_LIBRARIES = YES;
				BUNDLE_LOADER = "$(TEST_HOST)";
				CODE_SIGN_STYLE = Automatic;
				CURRENT_PROJECT_VERSION = 1;
				GENERATE_INFOPLIST_FILE = YES;
				IPHONEOS_DEPLOYMENT_TARGET = 16.4;
				MARKETING_VERSION = 1.0;
				PRODUCT_BUNDLE_IDENTIFIER = com.travelblahblah.TravelBlahBlahTests;
				PRODUCT_NAME = "$(TARGET_NAME)";
				SWIFT_EMIT_LOC_STRINGS = NO;
				SWIFT_VERSION = 5.0;
				TARGETED_DEVICE_FAMILY = "1,2";
				TEST_HOST = "$(BUILT_PRODUCTS_DIR)/TravelBlahBlah.app/$(BUNDLE_EXECUTABLE_FOLDER_PATH)/TravelBlahBlah";
			};
			name = Debug;
		};
		28FEBA132AB698B6000F38B8 /* Release */ = {
			isa = XCBuildConfiguration;
			buildSettings = {
				ALWAYS_EMBED_SWIFT_STANDARD_LIBRARIES = YES;
				BUNDLE_LOADER = "$(TEST_HOST)";
				CODE_SIGN_STYLE = Automatic;
				CURRENT_PROJECT_VERSION = 1;
				GENERATE_INFOPLIST_FILE = YES;
				IPHONEOS_DEPLOYMENT_TARGET = 16.4;
				MARKETING_VERSION = 1.0;
				PRODUCT_BUNDLE_IDENTIFIER = com.travelblahblah.TravelBlahBlahTests;
				PRODUCT_NAME = "$(TARGET_NAME)";
				SWIFT_EMIT_LOC_STRINGS = NO;
				SWIFT_VERSION = 5.0;
				TARGETED_DEVICE_FAMILY = "1,2";
				TEST_HOST = "$(BUILT_PRODUCTS_DIR)/TravelBlahBlah.app/$(BUNDLE_EXECUTABLE_FOLDER_PATH)/TravelBlahBlah";
			};
			name = Release;
		};
		28FEBA152AB698B6000F38B8 /* Debug */ = {
			isa = XCBuildConfiguration;
			buildSettings = {
				ALWAYS_EMBED_SWIFT_STANDARD_LIBRARIES = YES;
				CODE_SIGN_STYLE = Automatic;
				CURRENT_PROJECT_VERSION = 1;
				GENERATE_INFOPLIST_FILE = YES;
				MARKETING_VERSION = 1.0;
				PRODUCT_BUNDLE_IDENTIFIER = com.travelblahblah.TravelBlahBlahUITests;
				PRODUCT_NAME = "$(TARGET_NAME)";
				SWIFT_EMIT_LOC_STRINGS = NO;
				SWIFT_VERSION = 5.0;
				TARGETED_DEVICE_FAMILY = "1,2";
				TEST_TARGET_NAME = TravelBlahBlah;
			};
			name = Debug;
		};
		28FEBA162AB698B6000F38B8 /* Release */ = {
			isa = XCBuildConfiguration;
			buildSettings = {
				ALWAYS_EMBED_SWIFT_STANDARD_LIBRARIES = YES;
				CODE_SIGN_STYLE = Automatic;
				CURRENT_PROJECT_VERSION = 1;
				GENERATE_INFOPLIST_FILE = YES;
				MARKETING_VERSION = 1.0;
				PRODUCT_BUNDLE_IDENTIFIER = com.travelblahblah.TravelBlahBlahUITests;
				PRODUCT_NAME = "$(TARGET_NAME)";
				SWIFT_EMIT_LOC_STRINGS = NO;
				SWIFT_VERSION = 5.0;
				TARGETED_DEVICE_FAMILY = "1,2";
				TEST_TARGET_NAME = TravelBlahBlah;
			};
			name = Release;
		};
/* End XCBuildConfiguration section */

/* Begin XCConfigurationList section */
		28FEB9DC2AB698B5000F38B8 /* Build configuration list for PBXProject "TravelBlahBlah" */ = {
			isa = XCConfigurationList;
			buildConfigurations = (
				28FEBA0C2AB698B6000F38B8 /* Debug */,
				28FEBA0D2AB698B6000F38B8 /* Release */,
			);
			defaultConfigurationIsVisible = 0;
			defaultConfigurationName = Release;
		};
		28FEBA0E2AB698B6000F38B8 /* Build configuration list for PBXNativeTarget "TravelBlahBlah" */ = {
			isa = XCConfigurationList;
			buildConfigurations = (
				28FEBA0F2AB698B6000F38B8 /* Debug */,
				28FEBA102AB698B6000F38B8 /* Release */,
			);
			defaultConfigurationIsVisible = 0;
			defaultConfigurationName = Release;
		};
		28FEBA112AB698B6000F38B8 /* Build configuration list for PBXNativeTarget "TravelBlahBlahTests" */ = {
			isa = XCConfigurationList;
			buildConfigurations = (
				28FEBA122AB698B6000F38B8 /* Debug */,
				28FEBA132AB698B6000F38B8 /* Release */,
			);
			defaultConfigurationIsVisible = 0;
			defaultConfigurationName = Release;
		};
		28FEBA142AB698B6000F38B8 /* Build configuration list for PBXNativeTarget "TravelBlahBlahUITests" */ = {
			isa = XCConfigurationList;
			buildConfigurations = (
				28FEBA152AB698B6000F38B8 /* Debug */,
				28FEBA162AB698B6000F38B8 /* Release */,
			);
			defaultConfigurationIsVisible = 0;
			defaultConfigurationName = Release;
		};
/* End XCConfigurationList section */

/* Begin XCVersionGroup section */
		28FEB9ED2AB698B5000F38B8 /* TravelBlahBlah.xcdatamodeld */ = {
			isa = XCVersionGroup;
			children = (
				28FEB9EE2AB698B5000F38B8 /* TravelBlahBlah.xcdatamodel */,
			);
			currentVersion = 28FEB9EE2AB698B5000F38B8 /* TravelBlahBlah.xcdatamodel */;
			path = TravelBlahBlah.xcdatamodeld;
			sourceTree = "<group>";
			versionGroupType = wrapper.xcdatamodel;
		};
/* End XCVersionGroup section */
	};
	rootObject = 28FEB9D92AB698B5000F38B8 /* Project object */;
}
